
Microsoft Visual Studio Solution File, Format Version 12.00
# Visual Studio Version 17
VisualStudioVersion = 17.3.32825.248
MinimumVisualStudioVersion = 10.0.40219.1
Project("{FAE04EC0-301F-11D3-BF4B-00C04F79EFBC}") = "BusinessLayer", "BusinessLayer\BusinessLayer.csproj", "{4DD8DCD8-D292-4436-ACC8-6EF85EA30E12}"
EndProject
Project("{FAE04EC0-301F-11D3-BF4B-00C04F79EFBC}") = "DataAccessLayer", "DataAccessLayer\DataAccessLayer.csproj", "{EC9AAA75-FE7E-427D-958A-63F5B77EA4E3}"
EndProject
Project("{FAE04EC0-301F-11D3-BF4B-00C04F79EFBC}") = "WebUI", "WebUI\WebUI.csproj", "{7F2B3361-17BE-4106-9981-981B57D97D5D}"
EndProject
Global
	GlobalSection(SolutionConfigurationPlatforms) = preSolution
		Debug|Any CPU = Debug|Any CPU
		Release|Any CPU = Release|Any CPU
	EndGlobalSection
	GlobalSection(ProjectConfigurationPlatforms) = postSolution
		{4DD8DCD8-D292-4436-ACC8-6EF85EA30E12}.Debug|Any CPU.ActiveCfg = Debug|Any CPU
		{4DD8DCD8-D292-4436-ACC8-6EF85EA30E12}.Debug|Any CPU.Build.0 = Debug|Any CPU
		{4DD8DCD8-D292-4436-ACC8-6EF85EA30E12}.Release|Any CPU.ActiveCfg = Release|Any CPU
		{4DD8DCD8-D292-4436-ACC8-6EF85EA30E12}.Release|Any CPU.Build.0 = Release|Any CPU
		{EC9AAA75-FE7E-427D-958A-63F5B77EA4E3}.Debug|Any CPU.ActiveCfg = Debug|Any CPU
		{EC9AAA75-FE7E-427D-958A-63F5B77EA4E3}.Debug|Any CPU.Build.0 = Debug|Any CPU
		{EC9AAA75-FE7E-427D-958A-63F5B77EA4E3}.Release|Any CPU.ActiveCfg = Release|Any CPU
		{EC9AAA75-FE7E-427D-958A-63F5B77EA4E3}.Release|Any CPU.Build.0 = Release|Any CPU
		{7F2B3361-17BE-4106-9981-981B57D97D5D}.Debug|Any CPU.ActiveCfg = Debug|Any CPU
		{7F2B3361-17BE-4106-9981-981B57D97D5D}.Debug|Any CPU.Build.0 = Debug|Any CPU
		{7F2B3361-17BE-4106-9981-981B57D97D5D}.Release|Any CPU.ActiveCfg = Release|Any CPU
		{7F2B3361-17BE-4106-9981-981B57D97D5D}.Release|Any CPU.Build.0 = Release|Any CPU
	EndGlobalSection
	GlobalSection(SolutionProperties) = preSolution
		HideSolutionNode = FALSE
	EndGlobalSection
	GlobalSection(ExtensibilityGlobals) = postSolution
		SolutionGuid = {B06E47CC-2144-44F2-B548-208A4217FC45}
	EndGlobalSection
EndGlobal
